
Microsoft Visual Studio Solution File, Format Version 12.00
# Visual Studio 15
VisualStudioVersion = 15.0.28307.757
MinimumVisualStudioVersion = 10.0.40219.1
Project("{9A19103F-16F7-4668-BE54-9A1E7A4F7556}") = "TagHelperDemo", "TagHelperDemo.csproj", "{088842D4-C333-40EE-98D2-4BEC7F355B5D}"
EndProject
Global
	GlobalSection(SolutionConfigurationPlatforms) = preSolution
		Debug|Any CPU = Debug|Any CPU
		Release|Any CPU = Release|Any CPU
	EndGlobalSection
	GlobalSection(ProjectConfigurationPlatforms) = postSolution
		{088842D4-C333-40EE-98D2-4BEC7F355B5D}.Debug|Any CPU.ActiveCfg = Debug|Any CPU
		{088842D4-C333-40EE-98D2-4BEC7F355B5D}.Debug|Any CPU.Build.0 = Debug|Any CPU
		{088842D4-C333-40EE-98D2-4BEC7F355B5D}.Release|Any CPU.ActiveCfg = Release|Any CPU
		{088842D4-C333-40EE-98D2-4BEC7F355B5D}.Release|Any CPU.Build.0 = Release|Any CPU
	EndGlobalSection
	GlobalSection(SolutionProperties) = preSolution
		HideSolutionNode = FALSE
	EndGlobalSection
	GlobalSection(ExtensibilityGlobals) = postSolution
		SolutionGuid = {A988B43D-E6C9-4628-B39E-D2F0DC466941}
	EndGlobalSection
EndGlobal
