
Microsoft Visual Studio Solution File, Format Version 12.00
# Visual Studio 15
VisualStudioVersion = 15.0.28307.757
MinimumVisualStudioVersion = 10.0.40219.1
Project("{FAE04EC0-301F-11D3-BF4B-00C04F79EFBC}") = "DependencyInjectionDemo", "DependencyInjectionDemo\DependencyInjectionDemo.csproj", "{CDEA9F5E-FB57-4388-8E80-19030ED8ECCC}"
EndProject
Global
	GlobalSection(SolutionConfigurationPlatforms) = preSolution
		Debug|Any CPU = Debug|Any CPU
		Release|Any CPU = Release|Any CPU
	EndGlobalSection
	GlobalSection(ProjectConfigurationPlatforms) = postSolution
		{CDEA9F5E-FB57-4388-8E80-19030ED8ECCC}.Debug|Any CPU.ActiveCfg = Debug|Any CPU
		{CDEA9F5E-FB57-4388-8E80-19030ED8ECCC}.Debug|Any CPU.Build.0 = Debug|Any CPU
		{CDEA9F5E-FB57-4388-8E80-19030ED8ECCC}.Release|Any CPU.ActiveCfg = Release|Any CPU
		{CDEA9F5E-FB57-4388-8E80-19030ED8ECCC}.Release|Any CPU.Build.0 = Release|Any CPU
	EndGlobalSection
	GlobalSection(SolutionProperties) = preSolution
		HideSolutionNode = FALSE
	EndGlobalSection
	GlobalSection(ExtensibilityGlobals) = postSolution
		SolutionGuid = {642BBE83-D9C1-4E4C-8262-782F814AC8F1}
	EndGlobalSection
EndGlobal
