
Microsoft Visual Studio Solution File, Format Version 12.00
# Visual Studio 15
VisualStudioVersion = 15.0.28307.757
MinimumVisualStudioVersion = 10.0.40219.1
Project("{9A19103F-16F7-4668-BE54-9A1E7A4F7556}") = "Venkatdemo", "Venkatdemo.csproj", "{5AFBA2A7-5538-4A75-BA4A-FE3CE1D8739D}"
EndProject
Global
	GlobalSection(SolutionConfigurationPlatforms) = preSolution
		Debug|Any CPU = Debug|Any CPU
		Release|Any CPU = Release|Any CPU
	EndGlobalSection
	GlobalSection(ProjectConfigurationPlatforms) = postSolution
		{5AFBA2A7-5538-4A75-BA4A-FE3CE1D8739D}.Debug|Any CPU.ActiveCfg = Debug|Any CPU
		{5AFBA2A7-5538-4A75-BA4A-FE3CE1D8739D}.Debug|Any CPU.Build.0 = Debug|Any CPU
		{5AFBA2A7-5538-4A75-BA4A-FE3CE1D8739D}.Release|Any CPU.ActiveCfg = Release|Any CPU
		{5AFBA2A7-5538-4A75-BA4A-FE3CE1D8739D}.Release|Any CPU.Build.0 = Release|Any CPU
	EndGlobalSection
	GlobalSection(SolutionProperties) = preSolution
		HideSolutionNode = FALSE
	EndGlobalSection
	GlobalSection(ExtensibilityGlobals) = postSolution
		SolutionGuid = {8E4C9D99-A9D0-419B-8533-61BB9DA59BE9}
	EndGlobalSection
EndGlobal
